
Microsoft Visual Studio Solution File, Format Version 12.00
# Visual Studio 15
VisualStudioVersion = 15.0.26124.0
MinimumVisualStudioVersion = 15.0.26124.0
Project("{FAE04EC0-301F-11D3-BF4B-00C04F79EFBC}") = "tests", "tests\tests.csproj", "{4C082386-0F69-4CF5-8EC8-1D48356123B6}"
EndProject
Project("{FAE04EC0-301F-11D3-BF4B-00C04F79EFBC}") = "build", "build\build.csproj", "{C9F03C52-CF84-474B-8FA1-CE67DD48DECA}"
EndProject
Global
	GlobalSection(SolutionConfigurationPlatforms) = preSolution
		Debug|Any CPU = Debug|Any CPU
		Debug|x64 = Debug|x64
		Debug|x86 = Debug|x86
		Release|Any CPU = Release|Any CPU
		Release|x64 = Release|x64
		Release|x86 = Release|x86
	EndGlobalSection
	GlobalSection(SolutionProperties) = preSolution
		HideSolutionNode = FALSE
	EndGlobalSection
	GlobalSection(ProjectConfigurationPlatforms) = postSolution
		{F3CECD70-3ABB-4A54-9A94-3F7D73B2FAB7}.Debug|Any CPU.ActiveCfg = Debug|Any CPU
		{F3CECD70-3ABB-4A54-9A94-3F7D73B2FAB7}.Debug|Any CPU.Build.0 = Debug|Any CPU
		{F3CECD70-3ABB-4A54-9A94-3F7D73B2FAB7}.Debug|x64.ActiveCfg = Debug|Any CPU
		{F3CECD70-3ABB-4A54-9A94-3F7D73B2FAB7}.Debug|x64.Build.0 = Debug|Any CPU
		{F3CECD70-3ABB-4A54-9A94-3F7D73B2FAB7}.Debug|x86.ActiveCfg = Debug|Any CPU
		{F3CECD70-3ABB-4A54-9A94-3F7D73B2FAB7}.Debug|x86.Build.0 = Debug|Any CPU
		{F3CECD70-3ABB-4A54-9A94-3F7D73B2FAB7}.Release|Any CPU.ActiveCfg = Release|Any CPU
		{F3CECD70-3ABB-4A54-9A94-3F7D73B2FAB7}.Release|Any CPU.Build.0 = Release|Any CPU
		{F3CECD70-3ABB-4A54-9A94-3F7D73B2FAB7}.Release|x64.ActiveCfg = Release|Any CPU
		{F3CECD70-3ABB-4A54-9A94-3F7D73B2FAB7}.Release|x64.Build.0 = Release|Any CPU
		{F3CECD70-3ABB-4A54-9A94-3F7D73B2FAB7}.Release|x86.ActiveCfg = Release|Any CPU
		{F3CECD70-3ABB-4A54-9A94-3F7D73B2FAB7}.Release|x86.Build.0 = Release|Any CPU
		{4C082386-0F69-4CF5-8EC8-1D48356123B6}.Debug|Any CPU.ActiveCfg = Debug|Any CPU
		{4C082386-0F69-4CF5-8EC8-1D48356123B6}.Debug|Any CPU.Build.0 = Debug|Any CPU
		{4C082386-0F69-4CF5-8EC8-1D48356123B6}.Debug|x64.ActiveCfg = Debug|Any CPU
		{4C082386-0F69-4CF5-8EC8-1D48356123B6}.Debug|x64.Build.0 = Debug|Any CPU
		{4C082386-0F69-4CF5-8EC8-1D48356123B6}.Debug|x86.ActiveCfg = Debug|Any CPU
		{4C082386-0F69-4CF5-8EC8-1D48356123B6}.Debug|x86.Build.0 = Debug|Any CPU
		{4C082386-0F69-4CF5-8EC8-1D48356123B6}.Release|Any CPU.ActiveCfg = Release|Any CPU
		{4C082386-0F69-4CF5-8EC8-1D48356123B6}.Release|Any CPU.Build.0 = Release|Any CPU
		{4C082386-0F69-4CF5-8EC8-1D48356123B6}.Release|x64.ActiveCfg = Release|Any CPU
		{4C082386-0F69-4CF5-8EC8-1D48356123B6}.Release|x64.Build.0 = Release|Any CPU
		{4C082386-0F69-4CF5-8EC8-1D48356123B6}.Release|x86.ActiveCfg = Release|Any CPU
		{4C082386-0F69-4CF5-8EC8-1D48356123B6}.Release|x86.Build.0 = Release|Any CPU
		{E5317F9B-4397-4BEC-8961-76FB49258AA8}.Debug|Any CPU.ActiveCfg = Debug|Any CPU
		{E5317F9B-4397-4BEC-8961-76FB49258AA8}.Debug|Any CPU.Build.0 = Debug|Any CPU
		{E5317F9B-4397-4BEC-8961-76FB49258AA8}.Debug|x64.ActiveCfg = Debug|Any CPU
		{E5317F9B-4397-4BEC-8961-76FB49258AA8}.Debug|x64.Build.0 = Debug|Any CPU
		{E5317F9B-4397-4BEC-8961-76FB49258AA8}.Debug|x86.ActiveCfg = Debug|Any CPU
		{E5317F9B-4397-4BEC-8961-76FB49258AA8}.Debug|x86.Build.0 = Debug|Any CPU
		{E5317F9B-4397-4BEC-8961-76FB49258AA8}.Release|Any CPU.ActiveCfg = Release|Any CPU
		{E5317F9B-4397-4BEC-8961-76FB49258AA8}.Release|Any CPU.Build.0 = Release|Any CPU
		{E5317F9B-4397-4BEC-8961-76FB49258AA8}.Release|x64.ActiveCfg = Release|Any CPU
		{E5317F9B-4397-4BEC-8961-76FB49258AA8}.Release|x64.Build.0 = Release|Any CPU
		{E5317F9B-4397-4BEC-8961-76FB49258AA8}.Release|x86.ActiveCfg = Release|Any CPU
		{E5317F9B-4397-4BEC-8961-76FB49258AA8}.Release|x86.Build.0 = Release|Any CPU
		{8878AD9F-9EE0-4059-9A4E-0FC945F5778D}.Debug|Any CPU.ActiveCfg = Debug|Any CPU
		{8878AD9F-9EE0-4059-9A4E-0FC945F5778D}.Debug|Any CPU.Build.0 = Debug|Any CPU
		{8878AD9F-9EE0-4059-9A4E-0FC945F5778D}.Debug|x64.ActiveCfg = Debug|Any CPU
		{8878AD9F-9EE0-4059-9A4E-0FC945F5778D}.Debug|x64.Build.0 = Debug|Any CPU
		{8878AD9F-9EE0-4059-9A4E-0FC945F5778D}.Debug|x86.ActiveCfg = Debug|Any CPU
		{8878AD9F-9EE0-4059-9A4E-0FC945F5778D}.Debug|x86.Build.0 = Debug|Any CPU
		{8878AD9F-9EE0-4059-9A4E-0FC945F5778D}.Release|Any CPU.ActiveCfg = Release|Any CPU
		{8878AD9F-9EE0-4059-9A4E-0FC945F5778D}.Release|Any CPU.Build.0 = Release|Any CPU
		{8878AD9F-9EE0-4059-9A4E-0FC945F5778D}.Release|x64.ActiveCfg = Release|Any CPU
		{8878AD9F-9EE0-4059-9A4E-0FC945F5778D}.Release|x64.Build.0 = Release|Any CPU
		{8878AD9F-9EE0-4059-9A4E-0FC945F5778D}.Release|x86.ActiveCfg = Release|Any CPU
		{8878AD9F-9EE0-4059-9A4E-0FC945F5778D}.Release|x86.Build.0 = Release|Any CPU
		{C9F03C52-CF84-474B-8FA1-CE67DD48DECA}.Debug|Any CPU.ActiveCfg = Debug|Any CPU
		{C9F03C52-CF84-474B-8FA1-CE67DD48DECA}.Debug|Any CPU.Build.0 = Debug|Any CPU
		{C9F03C52-CF84-474B-8FA1-CE67DD48DECA}.Debug|x64.ActiveCfg = Debug|Any CPU
		{C9F03C52-CF84-474B-8FA1-CE67DD48DECA}.Debug|x64.Build.0 = Debug|Any CPU
		{C9F03C52-CF84-474B-8FA1-CE67DD48DECA}.Debug|x86.ActiveCfg = Debug|Any CPU
		{C9F03C52-CF84-474B-8FA1-CE67DD48DECA}.Debug|x86.Build.0 = Debug|Any CPU
		{C9F03C52-CF84-474B-8FA1-CE67DD48DECA}.Release|Any CPU.ActiveCfg = Release|Any CPU
		{C9F03C52-CF84-474B-8FA1-CE67DD48DECA}.Release|Any CPU.Build.0 = Release|Any CPU
		{C9F03C52-CF84-474B-8FA1-CE67DD48DECA}.Release|x64.ActiveCfg = Release|Any CPU
		{C9F03C52-CF84-474B-8FA1-CE67DD48DECA}.Release|x64.Build.0 = Release|Any CPU
		{C9F03C52-CF84-474B-8FA1-CE67DD48DECA}.Release|x86.ActiveCfg = Release|Any CPU
		{C9F03C52-CF84-474B-8FA1-CE67DD48DECA}.Release|x86.Build.0 = Release|Any CPU
	EndGlobalSection
EndGlobal
